
Microsoft Visual Studio Solution File, Format Version 12.00
# Visual Studio 2012
Project("{FAE04EC0-301F-11D3-BF4B-00C04F79EFBC}") = "WindowsFormsApplication2", "WindowsFormsApplication2\WindowsFormsApplication2.csproj", "{EA0E0C7E-405F-4C4B-B0DF-3C170CFEC267}"
EndProject
Global
	GlobalSection(SolutionConfigurationPlatforms) = preSolution
		Debug|Any CPU = Debug|Any CPU
		Release|Any CPU = Release|Any CPU
	EndGlobalSection
	GlobalSection(ProjectConfigurationPlatforms) = postSolution
		{EA0E0C7E-405F-4C4B-B0DF-3C170CFEC267}.Debug|Any CPU.ActiveCfg = Debug|Any CPU
		{EA0E0C7E-405F-4C4B-B0DF-3C170CFEC267}.Debug|Any CPU.Build.0 = Debug|Any CPU
		{EA0E0C7E-405F-4C4B-B0DF-3C170CFEC267}.Release|Any CPU.ActiveCfg = Release|Any CPU
		{EA0E0C7E-405F-4C4B-B0DF-3C170CFEC267}.Release|Any CPU.Build.0 = Release|Any CPU
	EndGlobalSection
	GlobalSection(SolutionProperties) = preSolution
		HideSolutionNode = FALSE
	EndGlobalSection
EndGlobal
